
Microsoft Visual Studio Solution File, Format Version 12.00
# Visual Studio Version 16
VisualStudioVersion = 16.0.34114.132
MinimumVisualStudioVersion = 10.0.40219.1
Project("{FAE04EC0-301F-11D3-BF4B-00C04F79EFBC}") = "ParcelDetailsCRUD", "ParcelDetailsCRUD\ParcelDetailsCRUD.csproj", "{8D702D66-E9F4-47ED-B671-09CA4951CFD4}"
EndProject
Project("{FAE04EC0-301F-11D3-BF4B-00C04F79EFBC}") = "DataAccessLayer", "DataAccessLayer\DataAccessLayer.csproj", "{048F2895-8C2C-4C22-A7AB-5726B97FBCCC}"
EndProject
Project("{FAE04EC0-301F-11D3-BF4B-00C04F79EFBC}") = "BusinessLayer", "BusinessLayer\BusinessLayer.csproj", "{2550FE3B-2E99-4C87-A1F1-0DD395F3D9E9}"
EndProject
Global
	GlobalSection(SolutionConfigurationPlatforms) = preSolution
		Debug|Any CPU = Debug|Any CPU
		Release|Any CPU = Release|Any CPU
	EndGlobalSection
	GlobalSection(ProjectConfigurationPlatforms) = postSolution
		{8D702D66-E9F4-47ED-B671-09CA4951CFD4}.Debug|Any CPU.ActiveCfg = Debug|Any CPU
		{8D702D66-E9F4-47ED-B671-09CA4951CFD4}.Debug|Any CPU.Build.0 = Debug|Any CPU
		{8D702D66-E9F4-47ED-B671-09CA4951CFD4}.Release|Any CPU.ActiveCfg = Release|Any CPU
		{8D702D66-E9F4-47ED-B671-09CA4951CFD4}.Release|Any CPU.Build.0 = Release|Any CPU
		{048F2895-8C2C-4C22-A7AB-5726B97FBCCC}.Debug|Any CPU.ActiveCfg = Debug|Any CPU
		{048F2895-8C2C-4C22-A7AB-5726B97FBCCC}.Debug|Any CPU.Build.0 = Debug|Any CPU
		{048F2895-8C2C-4C22-A7AB-5726B97FBCCC}.Release|Any CPU.ActiveCfg = Release|Any CPU
		{048F2895-8C2C-4C22-A7AB-5726B97FBCCC}.Release|Any CPU.Build.0 = Release|Any CPU
		{2550FE3B-2E99-4C87-A1F1-0DD395F3D9E9}.Debug|Any CPU.ActiveCfg = Debug|Any CPU
		{2550FE3B-2E99-4C87-A1F1-0DD395F3D9E9}.Debug|Any CPU.Build.0 = Debug|Any CPU
		{2550FE3B-2E99-4C87-A1F1-0DD395F3D9E9}.Release|Any CPU.ActiveCfg = Release|Any CPU
		{2550FE3B-2E99-4C87-A1F1-0DD395F3D9E9}.Release|Any CPU.Build.0 = Release|Any CPU
	EndGlobalSection
	GlobalSection(SolutionProperties) = preSolution
		HideSolutionNode = FALSE
	EndGlobalSection
	GlobalSection(ExtensibilityGlobals) = postSolution
		SolutionGuid = {EED3F5D6-D816-419C-A103-5546CEFD1ACE}
	EndGlobalSection
EndGlobal
